{
  "name": "day13",
  "lockfileVersion": 2,
  "requires": true,
  "packages": {
    "": {
      "dependencies": {
        "saniya": "^1.1.0"
      }
    },
    "node_modules/saniya": {
      "version": "1.1.0",
      "resolved": "https://registry.npmjs.org/saniya/-/saniya-1.1.0.tgz",
      "integrity": "sha512-OfY21fvCgf63xSIOH7CJcnGLHdv3t6M+CVns+VDy9/tjlFl4/HRMowbT71U9BqMsSPF7mGTziKHZzk10Bg7TQw=="
    }
  },
  "dependencies": {
    "saniya": {
      "version": "1.1.0",
      "resolved": "https://registry.npmjs.org/saniya/-/saniya-1.1.0.tgz",
      "integrity": "sha512-OfY21fvCgf63xSIOH7CJcnGLHdv3t6M+CVns+VDy9/tjlFl4/HRMowbT71U9BqMsSPF7mGTziKHZzk10Bg7TQw=="
    }
  }
}
